
Microsoft Visual Studio Solution File, Format Version 12.00
# Visual Studio Version 16
VisualStudioVersion = 16.0.32228.343
MinimumVisualStudioVersion = 10.0.40219.1
Project("{FAE04EC0-301F-11D3-BF4B-00C04F79EFBC}") = "RestEaseSampleApplication", "RestEaseSampleApplication\RestEaseSampleApplication.csproj", "{13C9E4AE-87B6-4881-844D-F92BAA9BF412}"
EndProject
Global
	GlobalSection(SolutionConfigurationPlatforms) = preSolution
		Debug|Any CPU = Debug|Any CPU
		Release|Any CPU = Release|Any CPU
	EndGlobalSection
	GlobalSection(ProjectConfigurationPlatforms) = postSolution
		{13C9E4AE-87B6-4881-844D-F92BAA9BF412}.Debug|Any CPU.ActiveCfg = Debug|Any CPU
		{13C9E4AE-87B6-4881-844D-F92BAA9BF412}.Debug|Any CPU.Build.0 = Debug|Any CPU
		{13C9E4AE-87B6-4881-844D-F92BAA9BF412}.Release|Any CPU.ActiveCfg = Release|Any CPU
		{13C9E4AE-87B6-4881-844D-F92BAA9BF412}.Release|Any CPU.Build.0 = Release|Any CPU
	EndGlobalSection
	GlobalSection(SolutionProperties) = preSolution
		HideSolutionNode = FALSE
	EndGlobalSection
	GlobalSection(ExtensibilityGlobals) = postSolution
		SolutionGuid = {756BC5EF-9680-4208-8E90-662174C486F7}
	EndGlobalSection
EndGlobal
